
Microsoft Visual Studio Solution File, Format Version 12.00
# Visual Studio Version 17
VisualStudioVersion = 17.3.32901.215
MinimumVisualStudioVersion = 10.0.40219.1
Project("{FAE04EC0-301F-11D3-BF4B-00C04F79EFBC}") = "AreaCalc", "AreaCalc\AreaCalc.csproj", "{6618747A-078E-4500-A542-D9E084786668}"
EndProject
Project("{FAE04EC0-301F-11D3-BF4B-00C04F79EFBC}") = "AracCalcProgram", "AracCalcProgram\AracCalcProgram.csproj", "{7414C91B-7CBF-42E7-AD58-160E5704156C}"
EndProject
Project("{FAE04EC0-301F-11D3-BF4B-00C04F79EFBC}") = "AreaCalcTest", "AreaCalcTest\AreaCalcTest.csproj", "{6FBEB355-794F-45A4-AD44-FF79FEAB1B72}"
EndProject
Global
	GlobalSection(SolutionConfigurationPlatforms) = preSolution
		Debug|Any CPU = Debug|Any CPU
		Release|Any CPU = Release|Any CPU
	EndGlobalSection
	GlobalSection(ProjectConfigurationPlatforms) = postSolution
		{6618747A-078E-4500-A542-D9E084786668}.Debug|Any CPU.ActiveCfg = Debug|Any CPU
		{6618747A-078E-4500-A542-D9E084786668}.Debug|Any CPU.Build.0 = Debug|Any CPU
		{6618747A-078E-4500-A542-D9E084786668}.Release|Any CPU.ActiveCfg = Release|Any CPU
		{6618747A-078E-4500-A542-D9E084786668}.Release|Any CPU.Build.0 = Release|Any CPU
		{7414C91B-7CBF-42E7-AD58-160E5704156C}.Debug|Any CPU.ActiveCfg = Debug|Any CPU
		{7414C91B-7CBF-42E7-AD58-160E5704156C}.Debug|Any CPU.Build.0 = Debug|Any CPU
		{7414C91B-7CBF-42E7-AD58-160E5704156C}.Release|Any CPU.ActiveCfg = Release|Any CPU
		{7414C91B-7CBF-42E7-AD58-160E5704156C}.Release|Any CPU.Build.0 = Release|Any CPU
		{6FBEB355-794F-45A4-AD44-FF79FEAB1B72}.Debug|Any CPU.ActiveCfg = Debug|Any CPU
		{6FBEB355-794F-45A4-AD44-FF79FEAB1B72}.Debug|Any CPU.Build.0 = Debug|Any CPU
		{6FBEB355-794F-45A4-AD44-FF79FEAB1B72}.Release|Any CPU.ActiveCfg = Release|Any CPU
		{6FBEB355-794F-45A4-AD44-FF79FEAB1B72}.Release|Any CPU.Build.0 = Release|Any CPU
	EndGlobalSection
	GlobalSection(SolutionProperties) = preSolution
		HideSolutionNode = FALSE
	EndGlobalSection
	GlobalSection(ExtensibilityGlobals) = postSolution
		SolutionGuid = {8FA656EE-30FA-486B-B9D4-FBE13A5477C6}
	EndGlobalSection
EndGlobal
